
Microsoft Visual Studio Solution File, Format Version 12.00
# Visual Studio Version 16
VisualStudioVersion = 16.0.30309.148
MinimumVisualStudioVersion = 10.0.40219.1
Project("{FAE04EC0-301F-11D3-BF4B-00C04F79EFBC}") = "RoKAM", "RoKAM\RoKAM.csproj", "{70BACAAB-1D91-46B9-BC6F-A142CFC51D6C}"
EndProject
Global
	GlobalSection(SolutionConfigurationPlatforms) = preSolution
		Debug|Any CPU = Debug|Any CPU
		Release|Any CPU = Release|Any CPU
	EndGlobalSection
	GlobalSection(ProjectConfigurationPlatforms) = postSolution
		{70BACAAB-1D91-46B9-BC6F-A142CFC51D6C}.Debug|Any CPU.ActiveCfg = Debug|Any CPU
		{70BACAAB-1D91-46B9-BC6F-A142CFC51D6C}.Debug|Any CPU.Build.0 = Debug|Any CPU
		{70BACAAB-1D91-46B9-BC6F-A142CFC51D6C}.Release|Any CPU.ActiveCfg = Release|Any CPU
		{70BACAAB-1D91-46B9-BC6F-A142CFC51D6C}.Release|Any CPU.Build.0 = Release|Any CPU
	EndGlobalSection
	GlobalSection(SolutionProperties) = preSolution
		HideSolutionNode = FALSE
	EndGlobalSection
	GlobalSection(ExtensibilityGlobals) = postSolution
		SolutionGuid = {94114493-E53C-4FB1-B531-8071C2416299}
	EndGlobalSection
EndGlobal
